
Microsoft Visual Studio Solution File, Format Version 12.00
# Visual Studio Version 17
VisualStudioVersion = 17.0.31903.59
MinimumVisualStudioVersion = 10.0.40219.1
Project("{FAE04EC0-301F-11D3-BF4B-00C04F79EFBC}") = "SampleApp.API", "SampleApp.API\SampleApp.API.csproj", "{20FE5A1E-0257-419D-BA69-20EC512D79CE}"
EndProject
Global
	GlobalSection(SolutionConfigurationPlatforms) = preSolution
		Debug|Any CPU = Debug|Any CPU
		Release|Any CPU = Release|Any CPU
	EndGlobalSection
	GlobalSection(SolutionProperties) = preSolution
		HideSolutionNode = FALSE
	EndGlobalSection
	GlobalSection(ProjectConfigurationPlatforms) = postSolution
		{20FE5A1E-0257-419D-BA69-20EC512D79CE}.Debug|Any CPU.ActiveCfg = Debug|Any CPU
		{20FE5A1E-0257-419D-BA69-20EC512D79CE}.Debug|Any CPU.Build.0 = Debug|Any CPU
		{20FE5A1E-0257-419D-BA69-20EC512D79CE}.Release|Any CPU.ActiveCfg = Release|Any CPU
		{20FE5A1E-0257-419D-BA69-20EC512D79CE}.Release|Any CPU.Build.0 = Release|Any CPU
	EndGlobalSection
EndGlobal
